
Microsoft Visual Studio Solution File, Format Version 12.00
# Visual Studio Version 17
VisualStudioVersion = 17.13.35931.197 d17.13
MinimumVisualStudioVersion = 10.0.40219.1
Project("{FAE04EC0-301F-11D3-BF4B-00C04F79EFBC}") = "WpfStudyApp01", "WpfStudyApp01\WpfStudyApp01.csproj", "{F3949CDA-E35C-4E9F-9483-2F3937C2C96C}"
EndProject
Project("{FAE04EC0-301F-11D3-BF4B-00C04F79EFBC}") = "WpfStudyApp02", "WpfStudyApp02\WpfStudyApp02.csproj", "{A96687C9-3403-4E3B-8910-5391D4F8D522}"
EndProject
Project("{FAE04EC0-301F-11D3-BF4B-00C04F79EFBC}") = "WpfStudyApp04", "WpfStudyApp04\WpfStudyApp04.csproj", "{845A17BC-A091-4ACB-8FB2-46972B0FB41C}"
EndProject
Project("{FAE04EC0-301F-11D3-BF4B-00C04F79EFBC}") = "WpfStudyApp03", "WpfStudyApp03\WpfStudyApp03.csproj", "{F25D2DAB-F14D-4420-A632-7334AB479EA9}"
EndProject
Global
	GlobalSection(SolutionConfigurationPlatforms) = preSolution
		Debug|Any CPU = Debug|Any CPU
		Release|Any CPU = Release|Any CPU
	EndGlobalSection
	GlobalSection(ProjectConfigurationPlatforms) = postSolution
		{F3949CDA-E35C-4E9F-9483-2F3937C2C96C}.Debug|Any CPU.ActiveCfg = Debug|Any CPU
		{F3949CDA-E35C-4E9F-9483-2F3937C2C96C}.Debug|Any CPU.Build.0 = Debug|Any CPU
		{F3949CDA-E35C-4E9F-9483-2F3937C2C96C}.Release|Any CPU.ActiveCfg = Release|Any CPU
		{F3949CDA-E35C-4E9F-9483-2F3937C2C96C}.Release|Any CPU.Build.0 = Release|Any CPU
		{A96687C9-3403-4E3B-8910-5391D4F8D522}.Debug|Any CPU.ActiveCfg = Debug|Any CPU
		{A96687C9-3403-4E3B-8910-5391D4F8D522}.Debug|Any CPU.Build.0 = Debug|Any CPU
		{A96687C9-3403-4E3B-8910-5391D4F8D522}.Release|Any CPU.ActiveCfg = Release|Any CPU
		{A96687C9-3403-4E3B-8910-5391D4F8D522}.Release|Any CPU.Build.0 = Release|Any CPU
		{845A17BC-A091-4ACB-8FB2-46972B0FB41C}.Debug|Any CPU.ActiveCfg = Debug|Any CPU
		{845A17BC-A091-4ACB-8FB2-46972B0FB41C}.Debug|Any CPU.Build.0 = Debug|Any CPU
		{845A17BC-A091-4ACB-8FB2-46972B0FB41C}.Release|Any CPU.ActiveCfg = Release|Any CPU
		{845A17BC-A091-4ACB-8FB2-46972B0FB41C}.Release|Any CPU.Build.0 = Release|Any CPU
		{F25D2DAB-F14D-4420-A632-7334AB479EA9}.Debug|Any CPU.ActiveCfg = Debug|Any CPU
		{F25D2DAB-F14D-4420-A632-7334AB479EA9}.Debug|Any CPU.Build.0 = Debug|Any CPU
		{F25D2DAB-F14D-4420-A632-7334AB479EA9}.Release|Any CPU.ActiveCfg = Release|Any CPU
		{F25D2DAB-F14D-4420-A632-7334AB479EA9}.Release|Any CPU.Build.0 = Release|Any CPU
	EndGlobalSection
	GlobalSection(SolutionProperties) = preSolution
		HideSolutionNode = FALSE
	EndGlobalSection
	GlobalSection(ExtensibilityGlobals) = postSolution
		SolutionGuid = {6052AAA5-C258-472C-B1CB-8F649BF2481F}
	EndGlobalSection
EndGlobal
